{
  "name": "@reasonml-community/graphql-ppx",
  "version": "1.0.2",
  "lockfileVersion": 2,
  "requires": true,
  "packages": {
    "": {
      "name": "@reasonml-community/graphql-ppx",
      "version": "1.0.2",
      "hasInstallScript": true,
      "license": "MIT",
      "devDependencies": {
        "bs-platform": "^8.1.0"
      },
      "peerDependencies": {
        "bs-platform": "^8.1.0"
      }
    },
    "node_modules/bs-platform": {
      "version": "8.1.1",
      "resolved": "https://registry.npmjs.org/bs-platform/-/bs-platform-8.1.1.tgz",
      "integrity": "sha512-33wDWYteJQIhEfEpayvXK8eS2TdMtzQHFZMoMjDEY+NB2vTKWQFGoggOrJ4c7fvRzvQ2igwmc7idrxgMz39Qog==",
      "dev": true,
      "hasInstallScript": true,
      "bin": {
        "bsb": "bsb",
        "bsc": "bsc",
        "bsrefmt": "bsrefmt",
        "bstracing": "lib/bstracing"
      }
    }
  },
  "dependencies": {
    "bs-platform": {
      "version": "8.1.1",
      "resolved": "https://registry.npmjs.org/bs-platform/-/bs-platform-8.1.1.tgz",
      "integrity": "sha512-33wDWYteJQIhEfEpayvXK8eS2TdMtzQHFZMoMjDEY+NB2vTKWQFGoggOrJ4c7fvRzvQ2igwmc7idrxgMz39Qog==",
      "dev": true
    }
  }
}
